
Microsoft Visual Studio Solution File, Format Version 12.00
# Visual Studio Version 17
VisualStudioVersion = 17.7.34221.43
MinimumVisualStudioVersion = 10.0.40219.1
Project("{FAE04EC0-301F-11D3-BF4B-00C04F79EFBC}") = "course", "course\course.csproj", "{0D8E3662-90D7-41A3-BDE3-504A7B7DB36E}"
EndProject
Global
	GlobalSection(SolutionConfigurationPlatforms) = preSolution
		Debug|Any CPU = Debug|Any CPU
		Release|Any CPU = Release|Any CPU
	EndGlobalSection
	GlobalSection(ProjectConfigurationPlatforms) = postSolution
		{0D8E3662-90D7-41A3-BDE3-504A7B7DB36E}.Debug|Any CPU.ActiveCfg = Debug|Any CPU
		{0D8E3662-90D7-41A3-BDE3-504A7B7DB36E}.Debug|Any CPU.Build.0 = Debug|Any CPU
		{0D8E3662-90D7-41A3-BDE3-504A7B7DB36E}.Release|Any CPU.ActiveCfg = Release|Any CPU
		{0D8E3662-90D7-41A3-BDE3-504A7B7DB36E}.Release|Any CPU.Build.0 = Release|Any CPU
	EndGlobalSection
	GlobalSection(SolutionProperties) = preSolution
		HideSolutionNode = FALSE
	EndGlobalSection
	GlobalSection(ExtensibilityGlobals) = postSolution
		SolutionGuid = {4669A849-6E20-4CB6-8BB9-0A9CA182E06B}
	EndGlobalSection
EndGlobal
